github.com/bits-and-blooms/bitset v1.2.0 h1:Kn4yilvwNtMACtf1eYDlG8H77R07mZSPbMjLyS07ChA=
github.com/bits-and-blooms/bitset v1.2.0/go.mod h1:gIdJ4wp64HaoK2YrL1Q5/N7Y16edYb8uY+O0FJTyyDA=
github.com/bits-and-blooms/bloom/v3 v3.0.1 h1:Inlf0YXbgehxVjMPmCGv86iMCKMGPPrPSHtBF5yRHwA=
github.com/bits-and-blooms/bloom/v3 v3.0.1/go.mod h1:MC8muvBzzPOFsrcdND/A7kU7kMhkqb9KI70JlZCP+C8=
github.com/gorilla/websocket v1.4.2 h1:+/TMaTYc4QFitKJxsQ7Yye35DkWvkdLcvGKqM+x0Ufc=
github.com/gorilla/websocket v1.4.2/go.mod h1:YR8l580nyteQvAITg2hZ9XVh4b55+EU/adAjf1fMHhE=
github.com/spaolacci/murmur3 v1.1.0/go.mod h1:JwIasOWyU6f++ZhiEuf87xNszmSA2myDM2Kzu9HwQUA=
