github.com/gorilla/websocket v1.4.2 h1:+/TMaTYc4QFitKJxsQ7Yye35DkWvkdLcvGKqM+x0Ufc=
github.com/gorilla/websocket v1.4.2/go.mod h1:YR8l580nyteQvAITg2hZ9XVh4b55+EU/adAjf1fMHhE=
github.com/phuslu/log v1.0.71 h1:ffGaGAy0PVjR2fYLvgtyBm8g5vPXV/9WGCeC9R+zKLE=
github.com/phuslu/log v1.0.71/go.mod h1:kzJN3LRifrepxThMjufQwS7S35yFAB+jAV1qgA7eBW4=
